
Microsoft Visual Studio Solution File, Format Version 12.00
# Visual Studio Version 17
VisualStudioVersion = 17.8.34330.188
MinimumVisualStudioVersion = 10.0.40219.1
Project("{8BC9CEB8-8B4A-11D0-8D11-00A0C91BC942}") = "websocket", "websocket.vcxproj", "{4DF4296B-2547-4B27-8920-CEBBA297AB16}"
EndProject
Global
	GlobalSection(SolutionConfigurationPlatforms) = preSolution
		Debug|x64 = Debug|x64
		Debug|x86 = Debug|x86
		Release|x64 = Release|x64
		Release|x86 = Release|x86
	EndGlobalSection
	GlobalSection(ProjectConfigurationPlatforms) = postSolution
		{4DF4296B-2547-4B27-8920-CEBBA297AB16}.Debug|x64.ActiveCfg = Debug|x64
		{4DF4296B-2547-4B27-8920-CEBBA297AB16}.Debug|x64.Build.0 = Debug|x64
		{4DF4296B-2547-4B27-8920-CEBBA297AB16}.Debug|x86.ActiveCfg = Debug|Win32
		{4DF4296B-2547-4B27-8920-CEBBA297AB16}.Debug|x86.Build.0 = Debug|Win32
		{4DF4296B-2547-4B27-8920-CEBBA297AB16}.Release|x64.ActiveCfg = Release|x64
		{4DF4296B-2547-4B27-8920-CEBBA297AB16}.Release|x64.Build.0 = Release|x64
		{4DF4296B-2547-4B27-8920-CEBBA297AB16}.Release|x86.ActiveCfg = Release|Win32
		{4DF4296B-2547-4B27-8920-CEBBA297AB16}.Release|x86.Build.0 = Release|Win32
	EndGlobalSection
	GlobalSection(SolutionProperties) = preSolution
		HideSolutionNode = FALSE
	EndGlobalSection
	GlobalSection(ExtensibilityGlobals) = postSolution
		SolutionGuid = {027E5F5B-896F-4576-BD86-1B3DCC6141B8}
	EndGlobalSection
EndGlobal
